// !$*UTF8*$!
{
	archiveVersion = 1;
	classes = {
	};
	objectVersion = 56;
	objects = {

/* Begin PBXBuildFile section */
		96A5F7A82B8D2E23151CC978 /* Pods_Kura.framework in Frameworks */ = {isa = PBXBuildFile; fileRef = 3FAF4684F044994284336072 /* Pods_Kura.framework */; };
		D9289D452A8472AE000B3794 /* GoogleService-Info.plist in Resources */ = {isa = PBXBuildFile; fileRef = D9289D442A8472AE000B3794 /* GoogleService-Info.plist */; };
		D9289D492A848C11000B3794 /* SignInWithGoogle.swift in Sources */ = {isa = PBXBuildFile; fileRef = D9289D482A848C11000B3794 /* SignInWithGoogle.swift */; };
		D92CE9082A80988E005FD994 /* SettingsView.swift in Sources */ = {isa = PBXBuildFile; fileRef = D92CE9072A80988E005FD994 /* SettingsView.swift */; };
		D92CE90A2A809AEA005FD994 /* SettingsLabelView.swift in Sources */ = {isa = PBXBuildFile; fileRef = D92CE9092A809AE9005FD994 /* SettingsLabelView.swift */; };
		D92CE90C2A80C577005FD994 /* SettingsRowView.swift in Sources */ = {isa = PBXBuildFile; fileRef = D92CE90B2A80C577005FD994 /* SettingsRowView.swift */; };
		D92CE90E2A80D94F005FD994 /* SettingsEditTextView.swift in Sources */ = {isa = PBXBuildFile; fileRef = D92CE90D2A80D94F005FD994 /* SettingsEditTextView.swift */; };
		D92CE9102A81247F005FD994 /* SettingsEditImageView.swift in Sources */ = {isa = PBXBuildFile; fileRef = D92CE90F2A81247F005FD994 /* SettingsEditImageView.swift */; };
		D92CE9122A81D63A005FD994 /* SignUpView.swift in Sources */ = {isa = PBXBuildFile; fileRef = D92CE9112A81D63A005FD994 /* SignUpView.swift */; };
		D92CE9142A81DBEA005FD994 /* OnboardingView.swift in Sources */ = {isa = PBXBuildFile; fileRef = D92CE9132A81DBEA005FD994 /* OnboardingView.swift */; };
		D92CE9162A81E3CA005FD994 /* SignInWithAppleButtonCustom.swift in Sources */ = {isa = PBXBuildFile; fileRef = D92CE9152A81E3CA005FD994 /* SignInWithAppleButtonCustom.swift */; };
		D92CE9182A81EA11005FD994 /* OnBoardingFormView.swift in Sources */ = {isa = PBXBuildFile; fileRef = D92CE9172A81EA11005FD994 /* OnBoardingFormView.swift */; };
		D92CE91A2A8201D6005FD994 /* LikeAnimationView.swift in Sources */ = {isa = PBXBuildFile; fileRef = D92CE9192A8201D6005FD994 /* LikeAnimationView.swift */; };
		D93A47D929A26E5A00BEB016 /* LaunchScreen.storyboard in Resources */ = {isa = PBXBuildFile; fileRef = D93A47D829A26E5A00BEB016 /* LaunchScreen.storyboard */; };
		D943595329A28C4C004FD2C9 /* Extensions.swift in Sources */ = {isa = PBXBuildFile; fileRef = D943595229A28C4C004FD2C9 /* Extensions.swift */; };
		D943595529A28F58004FD2C9 /* FeedView.swift in Sources */ = {isa = PBXBuildFile; fileRef = D943595429A28F58004FD2C9 /* FeedView.swift */; };
		D943595729A29189004FD2C9 /* PostView.swift in Sources */ = {isa = PBXBuildFile; fileRef = D943595629A29189004FD2C9 /* PostView.swift */; };
		D98A03A92A7E445C005965D5 /* ProfileView.swift in Sources */ = {isa = PBXBuildFile; fileRef = D98A03A82A7E445C005965D5 /* ProfileView.swift */; };
		D98A03AB2A7E46D6005965D5 /* ProfileHeaderView.swift in Sources */ = {isa = PBXBuildFile; fileRef = D98A03AA2A7E46D6005965D5 /* ProfileHeaderView.swift */; };
		D9991EC62A080C5A00D64949 /* PostModel.swift in Sources */ = {isa = PBXBuildFile; fileRef = D9991EC52A080C5A00D64949 /* PostModel.swift */; };
		D9AA77CC2A59C3940065A7E7 /* PostArrayObject.swift in Sources */ = {isa = PBXBuildFile; fileRef = D9AA77CB2A59C3940065A7E7 /* PostArrayObject.swift */; };
		D9B1AAD32A68D89300BC7DBB /* BrowseView.swift in Sources */ = {isa = PBXBuildFile; fileRef = D9B1AAD22A68D89300BC7DBB /* BrowseView.swift */; };
		D9B1AAD52A68DA3700BC7DBB /* CarouselView.swift in Sources */ = {isa = PBXBuildFile; fileRef = D9B1AAD42A68DA3700BC7DBB /* CarouselView.swift */; };
		D9C80FB42A73BEEA00678682 /* UploadView.swift in Sources */ = {isa = PBXBuildFile; fileRef = D9C80FB32A73BEEA00678682 /* UploadView.swift */; };
		D9C80FB62A74250800678682 /* ImagePicker.swift in Sources */ = {isa = PBXBuildFile; fileRef = D9C80FB52A74250800678682 /* ImagePicker.swift */; };
		D9D1BFF22A84A93B009CD083 /* AuthService.swift in Sources */ = {isa = PBXBuildFile; fileRef = D9D1BFF12A84A93B009CD083 /* AuthService.swift */; };
		D9D1BFF42A853D94009CD083 /* Enums & Struct.swift in Sources */ = {isa = PBXBuildFile; fileRef = D9D1BFF32A853D94009CD083 /* Enums & Struct.swift */; };
		D9D1BFF72A85CAE3009CD083 /* ImageManager.swift in Sources */ = {isa = PBXBuildFile; fileRef = D9D1BFF62A85CAE3009CD083 /* ImageManager.swift */; };
		D9D1BFF92A864A59009CD083 /* DataService.swift in Sources */ = {isa = PBXBuildFile; fileRef = D9D1BFF82A864A58009CD083 /* DataService.swift */; };
		D9EC30862A5D740E0082B392 /* CommentsView.swift in Sources */ = {isa = PBXBuildFile; fileRef = D9EC30852A5D740E0082B392 /* CommentsView.swift */; };
		D9EC30882A5D78A20082B392 /* MessageView.swift in Sources */ = {isa = PBXBuildFile; fileRef = D9EC30872A5D78A20082B392 /* MessageView.swift */; };
		D9EC308A2A5D7A300082B392 /* CommentModel.swift in Sources */ = {isa = PBXBuildFile; fileRef = D9EC30892A5D7A300082B392 /* CommentModel.swift */; };
		D9F0D5BF2A74BF0F00A28002 /* PostImageView.swift in Sources */ = {isa = PBXBuildFile; fileRef = D9F0D5BE2A74BF0F00A28002 /* PostImageView.swift */; };
		D9F142812A720A010068D475 /* ImageGridView.swift in Sources */ = {isa = PBXBuildFile; fileRef = D9F142802A720A010068D475 /* ImageGridView.swift */; };
		D9F4454829A16361005D5E65 /* KuraApp.swift in Sources */ = {isa = PBXBuildFile; fileRef = D9F4454729A16361005D5E65 /* KuraApp.swift */; };
		D9F4454A29A16361005D5E65 /* ContentView.swift in Sources */ = {isa = PBXBuildFile; fileRef = D9F4454929A16361005D5E65 /* ContentView.swift */; };
		D9F4454C29A16364005D5E65 /* Assets.xcassets in Resources */ = {isa = PBXBuildFile; fileRef = D9F4454B29A16364005D5E65 /* Assets.xcassets */; };
		D9F4454F29A16364005D5E65 /* Preview Assets.xcassets in Resources */ = {isa = PBXBuildFile; fileRef = D9F4454E29A16364005D5E65 /* Preview Assets.xcassets */; };
/* End PBXBuildFile section */

/* Begin PBXFileReference section */
		3FAF4684F044994284336072 /* Pods_Kura.framework */ = {isa = PBXFileReference; explicitFileType = wrapper.framework; includeInIndex = 0; path = Pods_Kura.framework; sourceTree = BUILT_PRODUCTS_DIR; };
		D9289D432A841E5C000B3794 /* Kura.entitlements */ = {isa = PBXFileReference; lastKnownFileType = text.plist.entitlements; path = Kura.entitlements; sourceTree = "<group>"; };
		D9289D442A8472AE000B3794 /* GoogleService-Info.plist */ = {isa = PBXFileReference; fileEncoding = 4; lastKnownFileType = text.plist.xml; name = "GoogleService-Info.plist"; path = "../../../../Downloads/GoogleService-Info.plist"; sourceTree = "<group>"; };
		D9289D482A848C11000B3794 /* SignInWithGoogle.swift */ = {isa = PBXFileReference; lastKnownFileType = sourcecode.swift; path = SignInWithGoogle.swift; sourceTree = "<group>"; };
		D92CE9072A80988E005FD994 /* SettingsView.swift */ = {isa = PBXFileReference; lastKnownFileType = sourcecode.swift; path = SettingsView.swift; sourceTree = "<group>"; };
		D92CE9092A809AE9005FD994 /* SettingsLabelView.swift */ = {isa = PBXFileReference; lastKnownFileType = sourcecode.swift; path = SettingsLabelView.swift; sourceTree = "<group>"; };
		D92CE90B2A80C577005FD994 /* SettingsRowView.swift */ = {isa = PBXFileReference; lastKnownFileType = sourcecode.swift; path = SettingsRowView.swift; sourceTree = "<group>"; };
		D92CE90D2A80D94F005FD994 /* SettingsEditTextView.swift */ = {isa = PBXFileReference; lastKnownFileType = sourcecode.swift; path = SettingsEditTextView.swift; sourceTree = "<group>"; };
		D92CE90F2A81247F005FD994 /* SettingsEditImageView.swift */ = {isa = PBXFileReference; lastKnownFileType = sourcecode.swift; path = SettingsEditImageView.swift; sourceTree = "<group>"; };
		D92CE9112A81D63A005FD994 /* SignUpView.swift */ = {isa = PBXFileReference; lastKnownFileType = sourcecode.swift; path = SignUpView.swift; sourceTree = "<group>"; };
		D92CE9132A81DBEA005FD994 /* OnboardingView.swift */ = {isa = PBXFileReference; lastKnownFileType = sourcecode.swift; path = OnboardingView.swift; sourceTree = "<group>"; };
		D92CE9152A81E3CA005FD994 /* SignInWithAppleButtonCustom.swift */ = {isa = PBXFileReference; lastKnownFileType = sourcecode.swift; path = SignInWithAppleButtonCustom.swift; sourceTree = "<group>"; };
		D92CE9172A81EA11005FD994 /* OnBoardingFormView.swift */ = {isa = PBXFileReference; lastKnownFileType = sourcecode.swift; path = OnBoardingFormView.swift; sourceTree = "<group>"; };
		D92CE9192A8201D6005FD994 /* LikeAnimationView.swift */ = {isa = PBXFileReference; lastKnownFileType = sourcecode.swift; path = LikeAnimationView.swift; sourceTree = "<group>"; };
		D93A47D829A26E5A00BEB016 /* LaunchScreen.storyboard */ = {isa = PBXFileReference; lastKnownFileType = file.storyboard; path = LaunchScreen.storyboard; sourceTree = "<group>"; };
		D943595229A28C4C004FD2C9 /* Extensions.swift */ = {isa = PBXFileReference; lastKnownFileType = sourcecode.swift; path = Extensions.swift; sourceTree = "<group>"; };
		D943595429A28F58004FD2C9 /* FeedView.swift */ = {isa = PBXFileReference; lastKnownFileType = sourcecode.swift; path = FeedView.swift; sourceTree = "<group>"; };
		D943595629A29189004FD2C9 /* PostView.swift */ = {isa = PBXFileReference; lastKnownFileType = sourcecode.swift; path = PostView.swift; sourceTree = "<group>"; };
		D98A03A82A7E445C005965D5 /* ProfileView.swift */ = {isa = PBXFileReference; lastKnownFileType = sourcecode.swift; path = ProfileView.swift; sourceTree = "<group>"; };
		D98A03AA2A7E46D6005965D5 /* ProfileHeaderView.swift */ = {isa = PBXFileReference; lastKnownFileType = sourcecode.swift; path = ProfileHeaderView.swift; sourceTree = "<group>"; };
		D9991EC52A080C5A00D64949 /* PostModel.swift */ = {isa = PBXFileReference; lastKnownFileType = sourcecode.swift; path = PostModel.swift; sourceTree = "<group>"; };
		D9AA77CB2A59C3940065A7E7 /* PostArrayObject.swift */ = {isa = PBXFileReference; lastKnownFileType = sourcecode.swift; path = PostArrayObject.swift; sourceTree = "<group>"; };
		D9B1AAD22A68D89300BC7DBB /* BrowseView.swift */ = {isa = PBXFileReference; lastKnownFileType = sourcecode.swift; path = BrowseView.swift; sourceTree = "<group>"; };
		D9B1AAD42A68DA3700BC7DBB /* CarouselView.swift */ = {isa = PBXFileReference; lastKnownFileType = sourcecode.swift; path = CarouselView.swift; sourceTree = "<group>"; };
		D9C80FB32A73BEEA00678682 /* UploadView.swift */ = {isa = PBXFileReference; lastKnownFileType = sourcecode.swift; path = UploadView.swift; sourceTree = "<group>"; };
		D9C80FB52A74250800678682 /* ImagePicker.swift */ = {isa = PBXFileReference; lastKnownFileType = sourcecode.swift; path = ImagePicker.swift; sourceTree = "<group>"; };
		D9D1BFF12A84A93B009CD083 /* AuthService.swift */ = {isa = PBXFileReference; lastKnownFileType = sourcecode.swift; path = AuthService.swift; sourceTree = "<group>"; };
		D9D1BFF32A853D94009CD083 /* Enums & Struct.swift */ = {isa = PBXFileReference; lastKnownFileType = sourcecode.swift; path = "Enums & Struct.swift"; sourceTree = "<group>"; };
		D9D1BFF62A85CAE3009CD083 /* ImageManager.swift */ = {isa = PBXFileReference; lastKnownFileType = sourcecode.swift; path = ImageManager.swift; sourceTree = "<group>"; };
		D9D1BFF82A864A58009CD083 /* DataService.swift */ = {isa = PBXFileReference; lastKnownFileType = sourcecode.swift; path = DataService.swift; sourceTree = "<group>"; };
		D9EC30852A5D740E0082B392 /* CommentsView.swift */ = {isa = PBXFileReference; lastKnownFileType = sourcecode.swift; path = CommentsView.swift; sourceTree = "<group>"; };
		D9EC30872A5D78A20082B392 /* MessageView.swift */ = {isa = PBXFileReference; lastKnownFileType = sourcecode.swift; path = MessageView.swift; sourceTree = "<group>"; };
		D9EC30892A5D7A300082B392 /* CommentModel.swift */ = {isa = PBXFileReference; lastKnownFileType = sourcecode.swift; path = CommentModel.swift; sourceTree = "<group>"; };
		D9F0D5BE2A74BF0F00A28002 /* PostImageView.swift */ = {isa = PBXFileReference; lastKnownFileType = sourcecode.swift; path = PostImageView.swift; sourceTree = "<group>"; };
		D9F142802A720A010068D475 /* ImageGridView.swift */ = {isa = PBXFileReference; lastKnownFileType = sourcecode.swift; path = ImageGridView.swift; sourceTree = "<group>"; };
		D9F4454429A16361005D5E65 /* Kura.app */ = {isa = PBXFileReference; explicitFileType = wrapper.application; includeInIndex = 0; path = Kura.app; sourceTree = BUILT_PRODUCTS_DIR; };
		D9F4454729A16361005D5E65 /* KuraApp.swift */ = {isa = PBXFileReference; lastKnownFileType = sourcecode.swift; path = KuraApp.swift; sourceTree = "<group>"; };
		D9F4454929A16361005D5E65 /* ContentView.swift */ = {isa = PBXFileReference; lastKnownFileType = sourcecode.swift; path = ContentView.swift; sourceTree = "<group>"; };
		D9F4454B29A16364005D5E65 /* Assets.xcassets */ = {isa = PBXFileReference; lastKnownFileType = folder.assetcatalog; path = Assets.xcassets; sourceTree = "<group>"; };
		D9F4454E29A16364005D5E65 /* Preview Assets.xcassets */ = {isa = PBXFileReference; lastKnownFileType = folder.assetcatalog; path = "Preview Assets.xcassets"; sourceTree = "<group>"; };
		EB2AA223BA36C77F815C7EC5 /* Pods-Kura.release.xcconfig */ = {isa = PBXFileReference; includeInIndex = 1; lastKnownFileType = text.xcconfig; name = "Pods-Kura.release.xcconfig"; path = "Target Support Files/Pods-Kura/Pods-Kura.release.xcconfig"; sourceTree = "<group>"; };
		F95B9B01899F89A3E8F2A6C8 /* Pods-Kura.debug.xcconfig */ = {isa = PBXFileReference; includeInIndex = 1; lastKnownFileType = text.xcconfig; name = "Pods-Kura.debug.xcconfig"; path = "Target Support Files/Pods-Kura/Pods-Kura.debug.xcconfig"; sourceTree = "<group>"; };
/* End PBXFileReference section */

/* Begin PBXFrameworksBuildPhase section */
		D9F4454129A16361005D5E65 /* Frameworks */ = {
			isa = PBXFrameworksBuildPhase;
			buildActionMask = 2147483647;
			files = (
				96A5F7A82B8D2E23151CC978 /* Pods_Kura.framework in Frameworks */,
			);
			runOnlyForDeploymentPostprocessing = 0;
		};
/* End PBXFrameworksBuildPhase section */

/* Begin PBXGroup section */
		CF465A8AE13CD5235B1ACDF7 /* Frameworks */ = {
			isa = PBXGroup;
			children = (
				3FAF4684F044994284336072 /* Pods_Kura.framework */,
			);
			name = Frameworks;
			sourceTree = "<group>";
		};
		D7CDCCE85861CF5737083AA1 /* Pods */ = {
			isa = PBXGroup;
			children = (
				F95B9B01899F89A3E8F2A6C8 /* Pods-Kura.debug.xcconfig */,
				EB2AA223BA36C77F815C7EC5 /* Pods-Kura.release.xcconfig */,
			);
			path = Pods;
			sourceTree = "<group>";
		};
		D9289D462A848BC6000B3794 /* Services */ = {
			isa = PBXGroup;
			children = (
				D9D1BFF02A84A91E009CD083 /* Firebase */,
				D9289D472A848BD1000B3794 /* SignInProviders */,
			);
			path = Services;
			sourceTree = "<group>";
		};
		D9289D472A848BD1000B3794 /* SignInProviders */ = {
			isa = PBXGroup;
			children = (
				D9289D482A848C11000B3794 /* SignInWithGoogle.swift */,
			);
			path = SignInProviders;
			sourceTree = "<group>";
		};
		D93A47DA29A274D900BEB016 /* Views */ = {
			isa = PBXGroup;
			children = (
				D93A47DC29A274FD00BEB016 /* Subviews */,
				D93A47DB29A274E700BEB016 /* Screens */,
			);
			path = Views;
			sourceTree = "<group>";
		};
		D93A47DB29A274E700BEB016 /* Screens */ = {
			isa = PBXGroup;
			children = (
				D9F4454729A16361005D5E65 /* KuraApp.swift */,
				D9F4454929A16361005D5E65 /* ContentView.swift */,
				D943595429A28F58004FD2C9 /* FeedView.swift */,
				D9EC30852A5D740E0082B392 /* CommentsView.swift */,
				D9B1AAD22A68D89300BC7DBB /* BrowseView.swift */,
				D9C80FB32A73BEEA00678682 /* UploadView.swift */,
				D9F0D5BE2A74BF0F00A28002 /* PostImageView.swift */,
				D98A03A82A7E445C005965D5 /* ProfileView.swift */,
				D92CE9072A80988E005FD994 /* SettingsView.swift */,
				D92CE90D2A80D94F005FD994 /* SettingsEditTextView.swift */,
				D92CE90F2A81247F005FD994 /* SettingsEditImageView.swift */,
				D92CE9112A81D63A005FD994 /* SignUpView.swift */,
				D92CE9132A81DBEA005FD994 /* OnboardingView.swift */,
				D92CE9172A81EA11005FD994 /* OnBoardingFormView.swift */,
			);
			path = Screens;
			sourceTree = "<group>";
		};
		D93A47DC29A274FD00BEB016 /* Subviews */ = {
			isa = PBXGroup;
			children = (
				D943595629A29189004FD2C9 /* PostView.swift */,
				D9EC30872A5D78A20082B392 /* MessageView.swift */,
				D9B1AAD42A68DA3700BC7DBB /* CarouselView.swift */,
				D9F142802A720A010068D475 /* ImageGridView.swift */,
				D9C80FB52A74250800678682 /* ImagePicker.swift */,
				D98A03AA2A7E46D6005965D5 /* ProfileHeaderView.swift */,
				D92CE9092A809AE9005FD994 /* SettingsLabelView.swift */,
				D92CE90B2A80C577005FD994 /* SettingsRowView.swift */,
				D92CE9152A81E3CA005FD994 /* SignInWithAppleButtonCustom.swift */,
				D92CE9192A8201D6005FD994 /* LikeAnimationView.swift */,
			);
			path = Subviews;
			sourceTree = "<group>";
		};
		D943595129A28C2B004FD2C9 /* Helpers */ = {
			isa = PBXGroup;
			children = (
				D943595229A28C4C004FD2C9 /* Extensions.swift */,
				D9D1BFF32A853D94009CD083 /* Enums & Struct.swift */,
			);
			path = Helpers;
			sourceTree = "<group>";
		};
		D9991EC42A080C3700D64949 /* Model */ = {
			isa = PBXGroup;
			children = (
				D9991EC52A080C5A00D64949 /* PostModel.swift */,
				D9AA77CB2A59C3940065A7E7 /* PostArrayObject.swift */,
				D9EC30892A5D7A300082B392 /* CommentModel.swift */,
			);
			path = Model;
			sourceTree = "<group>";
		};
		D9D1BFF02A84A91E009CD083 /* Firebase */ = {
			isa = PBXGroup;
			children = (
				D9D1BFF12A84A93B009CD083 /* AuthService.swift */,
				D9D1BFF82A864A58009CD083 /* DataService.swift */,
			);
			path = Firebase;
			sourceTree = "<group>";
		};
		D9D1BFF52A85CAA8009CD083 /* Utilities */ = {
			isa = PBXGroup;
			children = (
				D9D1BFF62A85CAE3009CD083 /* ImageManager.swift */,
			);
			path = Utilities;
			sourceTree = "<group>";
		};
		D9F4453B29A16361005D5E65 = {
			isa = PBXGroup;
			children = (
				D9F4454629A16361005D5E65 /* Kura */,
				D9F4454529A16361005D5E65 /* Products */,
				D7CDCCE85861CF5737083AA1 /* Pods */,
				CF465A8AE13CD5235B1ACDF7 /* Frameworks */,
			);
			sourceTree = "<group>";
		};
		D9F4454529A16361005D5E65 /* Products */ = {
			isa = PBXGroup;
			children = (
				D9F4454429A16361005D5E65 /* Kura.app */,
			);
			name = Products;
			sourceTree = "<group>";
		};
		D9F4454629A16361005D5E65 /* Kura */ = {
			isa = PBXGroup;
			children = (
				D9D1BFF52A85CAA8009CD083 /* Utilities */,
				D9289D462A848BC6000B3794 /* Services */,
				D9289D432A841E5C000B3794 /* Kura.entitlements */,
				D9991EC42A080C3700D64949 /* Model */,
				D943595129A28C2B004FD2C9 /* Helpers */,
				D93A47DA29A274D900BEB016 /* Views */,
				D9F4454B29A16364005D5E65 /* Assets.xcassets */,
				D9289D442A8472AE000B3794 /* GoogleService-Info.plist */,
				D9F4454D29A16364005D5E65 /* Preview Content */,
				D93A47D829A26E5A00BEB016 /* LaunchScreen.storyboard */,
			);
			path = Kura;
			sourceTree = "<group>";
		};
		D9F4454D29A16364005D5E65 /* Preview Content */ = {
			isa = PBXGroup;
			children = (
				D9F4454E29A16364005D5E65 /* Preview Assets.xcassets */,
			);
			path = "Preview Content";
			sourceTree = "<group>";
		};
/* End PBXGroup section */

/* Begin PBXNativeTarget section */
		D9F4454329A16361005D5E65 /* Kura */ = {
			isa = PBXNativeTarget;
			buildConfigurationList = D9F4455229A16364005D5E65 /* Build configuration list for PBXNativeTarget "Kura" */;
			buildPhases = (
				0BC0C42D4AD3A510F99C009E /* [CP] Check Pods Manifest.lock */,
				D9F4454029A16361005D5E65 /* Sources */,
				D9F4454129A16361005D5E65 /* Frameworks */,
				D9F4454229A16361005D5E65 /* Resources */,
				A091C11DAC473D48840E67AB /* [CP] Embed Pods Frameworks */,
				40719F65C18D079CAC4F9120 /* [CP] Copy Pods Resources */,
			);
			buildRules = (
			);
			dependencies = (
			);
			name = Kura;
			productName = Kura;
			productReference = D9F4454429A16361005D5E65 /* Kura.app */;
			productType = "com.apple.product-type.application";
		};
/* End PBXNativeTarget section */

/* Begin PBXProject section */
		D9F4453C29A16361005D5E65 /* Project object */ = {
			isa = PBXProject;
			attributes = {
				BuildIndependentTargetsInParallel = 1;
				LastSwiftUpdateCheck = 1410;
				LastUpgradeCheck = 1410;
				TargetAttributes = {
					D9F4454329A16361005D5E65 = {
						CreatedOnToolsVersion = 14.1;
					};
				};
			};
			buildConfigurationList = D9F4453F29A16361005D5E65 /* Build configuration list for PBXProject "Kura" */;
			compatibilityVersion = "Xcode 14.0";
			developmentRegion = en;
			hasScannedForEncodings = 0;
			knownRegions = (
				en,
				Base,
			);
			mainGroup = D9F4453B29A16361005D5E65;
			productRefGroup = D9F4454529A16361005D5E65 /* Products */;
			projectDirPath = "";
			projectRoot = "";
			targets = (
				D9F4454329A16361005D5E65 /* Kura */,
			);
		};
/* End PBXProject section */

/* Begin PBXResourcesBuildPhase section */
		D9F4454229A16361005D5E65 /* Resources */ = {
			isa = PBXResourcesBuildPhase;
			buildActionMask = 2147483647;
			files = (
				D93A47D929A26E5A00BEB016 /* LaunchScreen.storyboard in Resources */,
				D9289D452A8472AE000B3794 /* GoogleService-Info.plist in Resources */,
				D9F4454F29A16364005D5E65 /* Preview Assets.xcassets in Resources */,
				D9F4454C29A16364005D5E65 /* Assets.xcassets in Resources */,
			);
			runOnlyForDeploymentPostprocessing = 0;
		};
/* End PBXResourcesBuildPhase section */

/* Begin PBXShellScriptBuildPhase section */
		0BC0C42D4AD3A510F99C009E /* [CP] Check Pods Manifest.lock */ = {
			isa = PBXShellScriptBuildPhase;
			buildActionMask = 2147483647;
			files = (
			);
			inputFileListPaths = (
			);
			inputPaths = (
				"${PODS_PODFILE_DIR_PATH}/Podfile.lock",
				"${PODS_ROOT}/Manifest.lock",
			);
			name = "[CP] Check Pods Manifest.lock";
			outputFileListPaths = (
			);
			outputPaths = (
				"$(DERIVED_FILE_DIR)/Pods-Kura-checkManifestLockResult.txt",
			);
			runOnlyForDeploymentPostprocessing = 0;
			shellPath = /bin/sh;
			shellScript = "diff \"${PODS_PODFILE_DIR_PATH}/Podfile.lock\" \"${PODS_ROOT}/Manifest.lock\" > /dev/null\nif [ $? != 0 ] ; then\n    # print error to STDERR\n    echo \"error: The sandbox is not in sync with the Podfile.lock. Run 'pod install' or update your CocoaPods installation.\" >&2\n    exit 1\nfi\n# This output is used by Xcode 'outputs' to avoid re-running this script phase.\necho \"SUCCESS\" > \"${SCRIPT_OUTPUT_FILE_0}\"\n";
			showEnvVarsInLog = 0;
		};
		40719F65C18D079CAC4F9120 /* [CP] Copy Pods Resources */ = {
			isa = PBXShellScriptBuildPhase;
			buildActionMask = 2147483647;
			files = (
			);
			inputFileListPaths = (
				"${PODS_ROOT}/Target Support Files/Pods-Kura/Pods-Kura-resources-${CONFIGURATION}-input-files.xcfilelist",
			);
			name = "[CP] Copy Pods Resources";
			outputFileListPaths = (
				"${PODS_ROOT}/Target Support Files/Pods-Kura/Pods-Kura-resources-${CONFIGURATION}-output-files.xcfilelist",
			);
			runOnlyForDeploymentPostprocessing = 0;
			shellPath = /bin/sh;
			shellScript = "\"${PODS_ROOT}/Target Support Files/Pods-Kura/Pods-Kura-resources.sh\"\n";
			showEnvVarsInLog = 0;
		};
		A091C11DAC473D48840E67AB /* [CP] Embed Pods Frameworks */ = {
			isa = PBXShellScriptBuildPhase;
			buildActionMask = 2147483647;
			files = (
			);
			inputFileListPaths = (
				"${PODS_ROOT}/Target Support Files/Pods-Kura/Pods-Kura-frameworks-${CONFIGURATION}-input-files.xcfilelist",
			);
			name = "[CP] Embed Pods Frameworks";
			outputFileListPaths = (
				"${PODS_ROOT}/Target Support Files/Pods-Kura/Pods-Kura-frameworks-${CONFIGURATION}-output-files.xcfilelist",
			);
			runOnlyForDeploymentPostprocessing = 0;
			shellPath = /bin/sh;
			shellScript = "\"${PODS_ROOT}/Target Support Files/Pods-Kura/Pods-Kura-frameworks.sh\"\n";
			showEnvVarsInLog = 0;
		};
/* End PBXShellScriptBuildPhase section */

/* Begin PBXSourcesBuildPhase section */
		D9F4454029A16361005D5E65 /* Sources */ = {
			isa = PBXSourcesBuildPhase;
			buildActionMask = 2147483647;
			files = (
				D943595529A28F58004FD2C9 /* FeedView.swift in Sources */,
				D92CE9162A81E3CA005FD994 /* SignInWithAppleButtonCustom.swift in Sources */,
				D9991EC62A080C5A00D64949 /* PostModel.swift in Sources */,
				D92CE90A2A809AEA005FD994 /* SettingsLabelView.swift in Sources */,
				D9289D492A848C11000B3794 /* SignInWithGoogle.swift in Sources */,
				D9F0D5BF2A74BF0F00A28002 /* PostImageView.swift in Sources */,
				D92CE9122A81D63A005FD994 /* SignUpView.swift in Sources */,
				D9F4454A29A16361005D5E65 /* ContentView.swift in Sources */,
				D9EC30882A5D78A20082B392 /* MessageView.swift in Sources */,
				D943595329A28C4C004FD2C9 /* Extensions.swift in Sources */,
				D9AA77CC2A59C3940065A7E7 /* PostArrayObject.swift in Sources */,
				D9D1BFF72A85CAE3009CD083 /* ImageManager.swift in Sources */,
				D9F142812A720A010068D475 /* ImageGridView.swift in Sources */,
				D943595729A29189004FD2C9 /* PostView.swift in Sources */,
				D98A03A92A7E445C005965D5 /* ProfileView.swift in Sources */,
				D9B1AAD32A68D89300BC7DBB /* BrowseView.swift in Sources */,
				D92CE91A2A8201D6005FD994 /* LikeAnimationView.swift in Sources */,
				D9EC308A2A5D7A300082B392 /* CommentModel.swift in Sources */,
				D92CE9102A81247F005FD994 /* SettingsEditImageView.swift in Sources */,
				D9EC30862A5D740E0082B392 /* CommentsView.swift in Sources */,
				D98A03AB2A7E46D6005965D5 /* ProfileHeaderView.swift in Sources */,
				D9C80FB42A73BEEA00678682 /* UploadView.swift in Sources */,
				D92CE9142A81DBEA005FD994 /* OnboardingView.swift in Sources */,
				D92CE9182A81EA11005FD994 /* OnBoardingFormView.swift in Sources */,
				D9D1BFF42A853D94009CD083 /* Enums & Struct.swift in Sources */,
				D9C80FB62A74250800678682 /* ImagePicker.swift in Sources */,
				D9B1AAD52A68DA3700BC7DBB /* CarouselView.swift in Sources */,
				D9D1BFF92A864A59009CD083 /* DataService.swift in Sources */,
				D9F4454829A16361005D5E65 /* KuraApp.swift in Sources */,
				D92CE9082A80988E005FD994 /* SettingsView.swift in Sources */,
				D9D1BFF22A84A93B009CD083 /* AuthService.swift in Sources */,
				D92CE90E2A80D94F005FD994 /* SettingsEditTextView.swift in Sources */,
				D92CE90C2A80C577005FD994 /* SettingsRowView.swift in Sources */,
			);
			runOnlyForDeploymentPostprocessing = 0;
		};
/* End PBXSourcesBuildPhase section */

/* Begin XCBuildConfiguration section */
		D9F4455029A16364005D5E65 /* Debug */ = {
			isa = XCBuildConfiguration;
			buildSettings = {
				ALWAYS_SEARCH_USER_PATHS = NO;
				CLANG_ANALYZER_NONNULL = YES;
				CLANG_ANALYZER_NUMBER_OBJECT_CONVERSION = YES_AGGRESSIVE;
				CLANG_CXX_LANGUAGE_STANDARD = "gnu++20";
				CLANG_ENABLE_MODULES = YES;
				CLANG_ENABLE_OBJC_ARC = YES;
				CLANG_ENABLE_OBJC_WEAK = YES;
				CLANG_WARN_BLOCK_CAPTURE_AUTORELEASING = YES;
				CLANG_WARN_BOOL_CONVERSION = YES;
				CLANG_WARN_COMMA = YES;
				CLANG_WARN_CONSTANT_CONVERSION = YES;
				CLANG_WARN_DEPRECATED_OBJC_IMPLEMENTATIONS = YES;
				CLANG_WARN_DIRECT_OBJC_ISA_USAGE = YES_ERROR;
				CLANG_WARN_DOCUMENTATION_COMMENTS = YES;
				CLANG_WARN_EMPTY_BODY = YES;
				CLANG_WARN_ENUM_CONVERSION = YES;
				CLANG_WARN_INFINITE_RECURSION = YES;
				CLANG_WARN_INT_CONVERSION = YES;
				CLANG_WARN_NON_LITERAL_NULL_CONVERSION = YES;
				CLANG_WARN_OBJC_IMPLICIT_RETAIN_SELF = YES;
				CLANG_WARN_OBJC_LITERAL_CONVERSION = YES;
				CLANG_WARN_OBJC_ROOT_CLASS = YES_ERROR;
				CLANG_WARN_QUOTED_INCLUDE_IN_FRAMEWORK_HEADER = YES;
				CLANG_WARN_RANGE_LOOP_ANALYSIS = YES;
				CLANG_WARN_STRICT_PROTOTYPES = YES;
				CLANG_WARN_SUSPICIOUS_MOVE = YES;
				CLANG_WARN_UNGUARDED_AVAILABILITY = YES_AGGRESSIVE;
				CLANG_WARN_UNREACHABLE_CODE = YES;
				CLANG_WARN__DUPLICATE_METHOD_MATCH = YES;
				COPY_PHASE_STRIP = NO;
				DEBUG_INFORMATION_FORMAT = dwarf;
				ENABLE_STRICT_OBJC_MSGSEND = YES;
				ENABLE_TESTABILITY = YES;
				GCC_C_LANGUAGE_STANDARD = gnu11;
				GCC_DYNAMIC_NO_PIC = NO;
				GCC_NO_COMMON_BLOCKS = YES;
				GCC_OPTIMIZATION_LEVEL = 0;
				GCC_PREPROCESSOR_DEFINITIONS = (
					"DEBUG=1",
					"$(inherited)",
				);
				GCC_WARN_64_TO_32_BIT_CONVERSION = YES;
				GCC_WARN_ABOUT_RETURN_TYPE = YES_ERROR;
				GCC_WARN_UNDECLARED_SELECTOR = YES;
				GCC_WARN_UNINITIALIZED_AUTOS = YES_AGGRESSIVE;
				GCC_WARN_UNUSED_FUNCTION = YES;
				GCC_WARN_UNUSED_VARIABLE = YES;
				IPHONEOS_DEPLOYMENT_TARGET = 16.1;
				MTL_ENABLE_DEBUG_INFO = INCLUDE_SOURCE;
				MTL_FAST_MATH = YES;
				ONLY_ACTIVE_ARCH = YES;
				SDKROOT = iphoneos;
				SWIFT_ACTIVE_COMPILATION_CONDITIONS = DEBUG;
				SWIFT_OPTIMIZATION_LEVEL = "-Onone";
			};
			name = Debug;
		};
		D9F4455129A16364005D5E65 /* Release */ = {
			isa = XCBuildConfiguration;
			buildSettings = {
				ALWAYS_SEARCH_USER_PATHS = NO;
				CLANG_ANALYZER_NONNULL = YES;
				CLANG_ANALYZER_NUMBER_OBJECT_CONVERSION = YES_AGGRESSIVE;
				CLANG_CXX_LANGUAGE_STANDARD = "gnu++20";
				CLANG_ENABLE_MODULES = YES;
				CLANG_ENABLE_OBJC_ARC = YES;
				CLANG_ENABLE_OBJC_WEAK = YES;
				CLANG_WARN_BLOCK_CAPTURE_AUTORELEASING = YES;
				CLANG_WARN_BOOL_CONVERSION = YES;
				CLANG_WARN_COMMA = YES;
				CLANG_WARN_CONSTANT_CONVERSION = YES;
				CLANG_WARN_DEPRECATED_OBJC_IMPLEMENTATIONS = YES;
				CLANG_WARN_DIRECT_OBJC_ISA_USAGE = YES_ERROR;
				CLANG_WARN_DOCUMENTATION_COMMENTS = YES;
				CLANG_WARN_EMPTY_BODY = YES;
				CLANG_WARN_ENUM_CONVERSION = YES;
				CLANG_WARN_INFINITE_RECURSION = YES;
				CLANG_WARN_INT_CONVERSION = YES;
				CLANG_WARN_NON_LITERAL_NULL_CONVERSION = YES;
				CLANG_WARN_OBJC_IMPLICIT_RETAIN_SELF = YES;
				CLANG_WARN_OBJC_LITERAL_CONVERSION = YES;
				CLANG_WARN_OBJC_ROOT_CLASS = YES_ERROR;
				CLANG_WARN_QUOTED_INCLUDE_IN_FRAMEWORK_HEADER = YES;
				CLANG_WARN_RANGE_LOOP_ANALYSIS = YES;
				CLANG_WARN_STRICT_PROTOTYPES = YES;
				CLANG_WARN_SUSPICIOUS_MOVE = YES;
				CLANG_WARN_UNGUARDED_AVAILABILITY = YES_AGGRESSIVE;
				CLANG_WARN_UNREACHABLE_CODE = YES;
				CLANG_WARN__DUPLICATE_METHOD_MATCH = YES;
				COPY_PHASE_STRIP = NO;
				DEBUG_INFORMATION_FORMAT = "dwarf-with-dsym";
				ENABLE_NS_ASSERTIONS = NO;
				ENABLE_STRICT_OBJC_MSGSEND = YES;
				GCC_C_LANGUAGE_STANDARD = gnu11;
				GCC_NO_COMMON_BLOCKS = YES;
				GCC_WARN_64_TO_32_BIT_CONVERSION = YES;
				GCC_WARN_ABOUT_RETURN_TYPE = YES_ERROR;
				GCC_WARN_UNDECLARED_SELECTOR = YES;
				GCC_WARN_UNINITIALIZED_AUTOS = YES_AGGRESSIVE;
				GCC_WARN_UNUSED_FUNCTION = YES;
				GCC_WARN_UNUSED_VARIABLE = YES;
				IPHONEOS_DEPLOYMENT_TARGET = 16.1;
				MTL_ENABLE_DEBUG_INFO = NO;
				MTL_FAST_MATH = YES;
				SDKROOT = iphoneos;
				SWIFT_COMPILATION_MODE = wholemodule;
				SWIFT_OPTIMIZATION_LEVEL = "-O";
				VALIDATE_PRODUCT = YES;
			};
			name = Release;
		};
		D9F4455329A16364005D5E65 /* Debug */ = {
			isa = XCBuildConfiguration;
			baseConfigurationReference = F95B9B01899F89A3E8F2A6C8 /* Pods-Kura.debug.xcconfig */;
			buildSettings = {
				ASSETCATALOG_COMPILER_APPICON_NAME = AppIcon;
				ASSETCATALOG_COMPILER_GLOBAL_ACCENT_COLOR_NAME = AccentColor;
				CODE_SIGN_ENTITLEMENTS = Kura/Kura.entitlements;
				CODE_SIGN_IDENTITY = "Apple Development";
				CODE_SIGN_STYLE = Automatic;
				CURRENT_PROJECT_VERSION = 1;
				DEVELOPMENT_ASSET_PATHS = "\"Kura/Preview Content\"";
				DEVELOPMENT_TEAM = WQ7DX8DWT7;
				ENABLE_PREVIEWS = YES;
				GENERATE_INFOPLIST_FILE = YES;
				INFOPLIST_FILE = Kura/Info.plist;
				INFOPLIST_KEY_NSCameraUsageDescription = "This app uses  the camera to take photo";
				INFOPLIST_KEY_NSPhotoLibraryAddUsageDescription = "This allows the app to access the photo library";
				INFOPLIST_KEY_UIApplicationSceneManifest_Generation = YES;
				INFOPLIST_KEY_UIApplicationSupportsIndirectInputEvents = YES;
				INFOPLIST_KEY_UILaunchScreen_Generation = YES;
				INFOPLIST_KEY_UILaunchStoryboardName = LaunchScreen.storyboard;
				INFOPLIST_KEY_UISupportedInterfaceOrientations = UIInterfaceOrientationPortrait;
				INFOPLIST_KEY_UISupportedInterfaceOrientations_iPad = "UIInterfaceOrientationLandscapeLeft UIInterfaceOrientationLandscapeRight UIInterfaceOrientationPortrait UIInterfaceOrientationPortraitUpsideDown";
				IPHONEOS_DEPLOYMENT_TARGET = 14.0;
				LD_RUNPATH_SEARCH_PATHS = (
					"$(inherited)",
					"@executable_path/Frameworks",
				);
				MARKETING_VERSION = 1.0;
				PRODUCT_BUNDLE_IDENTIFIER = com.kura.KuraApp;
				PRODUCT_NAME = "$(TARGET_NAME)";
				PROVISIONING_PROFILE_SPECIFIER = "";
				SUPPORTED_PLATFORMS = "iphoneos iphonesimulator";
				SUPPORTS_MACCATALYST = NO;
				SUPPORTS_MAC_DESIGNED_FOR_IPHONE_IPAD = NO;
				SWIFT_EMIT_LOC_STRINGS = YES;
				SWIFT_VERSION = 5.0;
				TARGETED_DEVICE_FAMILY = 1;
			};
			name = Debug;
		};
		D9F4455429A16364005D5E65 /* Release */ = {
			isa = XCBuildConfiguration;
			baseConfigurationReference = EB2AA223BA36C77F815C7EC5 /* Pods-Kura.release.xcconfig */;
			buildSettings = {
				ASSETCATALOG_COMPILER_APPICON_NAME = AppIcon;
				ASSETCATALOG_COMPILER_GLOBAL_ACCENT_COLOR_NAME = AccentColor;
				CODE_SIGN_ENTITLEMENTS = Kura/Kura.entitlements;
				CODE_SIGN_IDENTITY = "Apple Development";
				CODE_SIGN_STYLE = Automatic;
				CURRENT_PROJECT_VERSION = 1;
				DEVELOPMENT_ASSET_PATHS = "\"Kura/Preview Content\"";
				DEVELOPMENT_TEAM = WQ7DX8DWT7;
				ENABLE_PREVIEWS = YES;
				GENERATE_INFOPLIST_FILE = YES;
				INFOPLIST_FILE = Kura/Info.plist;
				INFOPLIST_KEY_NSCameraUsageDescription = "This app uses  the camera to take photo";
				INFOPLIST_KEY_NSPhotoLibraryAddUsageDescription = "This allows the app to access the photo library";
				INFOPLIST_KEY_UIApplicationSceneManifest_Generation = YES;
				INFOPLIST_KEY_UIApplicationSupportsIndirectInputEvents = YES;
				INFOPLIST_KEY_UILaunchScreen_Generation = YES;
				INFOPLIST_KEY_UILaunchStoryboardName = LaunchScreen.storyboard;
				INFOPLIST_KEY_UISupportedInterfaceOrientations = UIInterfaceOrientationPortrait;
				INFOPLIST_KEY_UISupportedInterfaceOrientations_iPad = "UIInterfaceOrientationLandscapeLeft UIInterfaceOrientationLandscapeRight UIInterfaceOrientationPortrait UIInterfaceOrientationPortraitUpsideDown";
				IPHONEOS_DEPLOYMENT_TARGET = 14.0;
				LD_RUNPATH_SEARCH_PATHS = (
					"$(inherited)",
					"@executable_path/Frameworks",
				);
				MARKETING_VERSION = 1.0;
				PRODUCT_BUNDLE_IDENTIFIER = com.kura.KuraApp;
				PRODUCT_NAME = "$(TARGET_NAME)";
				PROVISIONING_PROFILE_SPECIFIER = "";
				SUPPORTED_PLATFORMS = "iphoneos iphonesimulator";
				SUPPORTS_MACCATALYST = NO;
				SUPPORTS_MAC_DESIGNED_FOR_IPHONE_IPAD = NO;
				SWIFT_EMIT_LOC_STRINGS = YES;
				SWIFT_VERSION = 5.0;
				TARGETED_DEVICE_FAMILY = 1;
			};
			name = Release;
		};
/* End XCBuildConfiguration section */

/* Begin XCConfigurationList section */
		D9F4453F29A16361005D5E65 /* Build configuration list for PBXProject "Kura" */ = {
			isa = XCConfigurationList;
			buildConfigurations = (
				D9F4455029A16364005D5E65 /* Debug */,
				D9F4455129A16364005D5E65 /* Release */,
			);
			defaultConfigurationIsVisible = 0;
			defaultConfigurationName = Release;
		};
		D9F4455229A16364005D5E65 /* Build configuration list for PBXNativeTarget "Kura" */ = {
			isa = XCConfigurationList;
			buildConfigurations = (
				D9F4455329A16364005D5E65 /* Debug */,
				D9F4455429A16364005D5E65 /* Release */,
			);
			defaultConfigurationIsVisible = 0;
			defaultConfigurationName = Release;
		};
/* End XCConfigurationList section */
	};
	rootObject = D9F4453C29A16361005D5E65 /* Project object */;
}
